
Microsoft Visual Studio Solution File, Format Version 12.00
# Visual Studio Version 17
VisualStudioVersion = 17.0.32014.148
MinimumVisualStudioVersion = 10.0.40219.1
Project("{FAE04EC0-301F-11D3-BF4B-00C04F79EFBC}") = "ImplementingHTTPS", "ImplementingHTTPS\ImplementingHTTPS.csproj", "{EDC547A8-A3F3-44E5-BCDD-9675AE9D2941}"
EndProject
Global
	GlobalSection(SolutionConfigurationPlatforms) = preSolution
		Debug|Any CPU = Debug|Any CPU
		Release|Any CPU = Release|Any CPU
	EndGlobalSection
	GlobalSection(ProjectConfigurationPlatforms) = postSolution
		{EDC547A8-A3F3-44E5-BCDD-9675AE9D2941}.Debug|Any CPU.ActiveCfg = Debug|Any CPU
		{EDC547A8-A3F3-44E5-BCDD-9675AE9D2941}.Debug|Any CPU.Build.0 = Debug|Any CPU
		{EDC547A8-A3F3-44E5-BCDD-9675AE9D2941}.Release|Any CPU.ActiveCfg = Release|Any CPU
		{EDC547A8-A3F3-44E5-BCDD-9675AE9D2941}.Release|Any CPU.Build.0 = Release|Any CPU
	EndGlobalSection
	GlobalSection(SolutionProperties) = preSolution
		HideSolutionNode = FALSE
	EndGlobalSection
	GlobalSection(ExtensibilityGlobals) = postSolution
		SolutionGuid = {A689BED2-A688-4655-B8F7-5DB7D0BB0E24}
	EndGlobalSection
EndGlobal
